// !$*UTF8*$!
{
	archiveVersion = 1;
	classes = {
	};
	objectVersion = 56;
	objects = {

/* Begin PBXBuildFile section */
		3B33E5E72BA0A12700CE438F /* DIContainer.swift in Sources */ = {isa = PBXBuildFile; fileRef = 3B33E5E62BA0A12700CE438F /* DIContainer.swift */; };
		3B33E5EA2BA0A1BE00CE438F /* Services.swift in Sources */ = {isa = PBXBuildFile; fileRef = 3B33E5E92BA0A1BE00CE438F /* Services.swift */; };
		3B9E38DF2BA07C0600190840 /* MessengerApp.swift in Sources */ = {isa = PBXBuildFile; fileRef = 3B9E38DE2BA07C0600190840 /* MessengerApp.swift */; };
		3B9E38E12BA07C0600190840 /* AuthenticatedView.swift in Sources */ = {isa = PBXBuildFile; fileRef = 3B9E38E02BA07C0600190840 /* AuthenticatedView.swift */; };
		3B9E38E32BA07C0900190840 /* Assets.xcassets in Resources */ = {isa = PBXBuildFile; fileRef = 3B9E38E22BA07C0900190840 /* Assets.xcassets */; };
		3B9E38E62BA07C0900190840 /* Preview Assets.xcassets in Resources */ = {isa = PBXBuildFile; fileRef = 3B9E38E52BA07C0900190840 /* Preview Assets.xcassets */; };
		3B9E38F02BA07C0900190840 /* MessengerTests.swift in Sources */ = {isa = PBXBuildFile; fileRef = 3B9E38EF2BA07C0900190840 /* MessengerTests.swift */; };
		3B9E38FA2BA07C0900190840 /* MessengerUITests.swift in Sources */ = {isa = PBXBuildFile; fileRef = 3B9E38F92BA07C0900190840 /* MessengerUITests.swift */; };
		3B9E38FC2BA07C0900190840 /* MessengerUITestsLaunchTests.swift in Sources */ = {isa = PBXBuildFile; fileRef = 3B9E38FB2BA07C0900190840 /* MessengerUITestsLaunchTests.swift */; };
		3B9E390A2BA07F5700190840 /* Colors.xcassets in Resources */ = {isa = PBXBuildFile; fileRef = 3B9E39092BA07F5700190840 /* Colors.xcassets */; };
		3B9E39112BA0836A00190840 /* LaunchScreen.storyboard in Resources */ = {isa = PBXBuildFile; fileRef = 3B9E39102BA0836A00190840 /* LaunchScreen.storyboard */; };
		3BCF34AA2BA0B28D007FB1BF /* FirebaseAuth in Frameworks */ = {isa = PBXBuildFile; productRef = 3BCF34A92BA0B28D007FB1BF /* FirebaseAuth */; };
		3BCF34AC2BA0B3CC007FB1BF /* AppDelegate.swift in Sources */ = {isa = PBXBuildFile; fileRef = 3BCF34AB2BA0B3CC007FB1BF /* AppDelegate.swift */; };
		3BCF34AE2BA0B572007FB1BF /* GoogleService-Info.plist in Resources */ = {isa = PBXBuildFile; fileRef = 3BCF34AD2BA0B572007FB1BF /* GoogleService-Info.plist */; };
		3BCF34B02BA0B722007FB1BF /* AuthenticationService.swift in Sources */ = {isa = PBXBuildFile; fileRef = 3BCF34AF2BA0B722007FB1BF /* AuthenticationService.swift */; };
		3BCF34B42BA0BBC6007FB1BF /* LoginIntroView.swift in Sources */ = {isa = PBXBuildFile; fileRef = 3BCF34B32BA0BBC6007FB1BF /* LoginIntroView.swift */; };
		3BCF34B62BA0BBD6007FB1BF /* MainTabView.swift in Sources */ = {isa = PBXBuildFile; fileRef = 3BCF34B52BA0BBD6007FB1BF /* MainTabView.swift */; };
		3BED14272BA0A447007632F4 /* AuthenticatedViewModel.swift in Sources */ = {isa = PBXBuildFile; fileRef = 3BED14262BA0A447007632F4 /* AuthenticatedViewModel.swift */; };
/* End PBXBuildFile section */

/* Begin PBXContainerItemProxy section */
		3B9E38EC2BA07C0900190840 /* PBXContainerItemProxy */ = {
			isa = PBXContainerItemProxy;
			containerPortal = 3B9E38D32BA07C0500190840 /* Project object */;
			proxyType = 1;
			remoteGlobalIDString = 3B9E38DA2BA07C0500190840;
			remoteInfo = Messenger;
		};
		3B9E38F62BA07C0900190840 /* PBXContainerItemProxy */ = {
			isa = PBXContainerItemProxy;
			containerPortal = 3B9E38D32BA07C0500190840 /* Project object */;
			proxyType = 1;
			remoteGlobalIDString = 3B9E38DA2BA07C0500190840;
			remoteInfo = Messenger;
		};
/* End PBXContainerItemProxy section */

/* Begin PBXFileReference section */
		3B33E5E22BA09F8C00CE438F /* Info.plist */ = {isa = PBXFileReference; lastKnownFileType = text.plist; path = Info.plist; sourceTree = "<group>"; };
		3B33E5E62BA0A12700CE438F /* DIContainer.swift */ = {isa = PBXFileReference; lastKnownFileType = sourcecode.swift; path = DIContainer.swift; sourceTree = "<group>"; };
		3B33E5E92BA0A1BE00CE438F /* Services.swift */ = {isa = PBXFileReference; lastKnownFileType = sourcecode.swift; path = Services.swift; sourceTree = "<group>"; };
		3B9E38DB2BA07C0600190840 /* Messenger.app */ = {isa = PBXFileReference; explicitFileType = wrapper.application; includeInIndex = 0; path = Messenger.app; sourceTree = BUILT_PRODUCTS_DIR; };
		3B9E38DE2BA07C0600190840 /* MessengerApp.swift */ = {isa = PBXFileReference; lastKnownFileType = sourcecode.swift; path = MessengerApp.swift; sourceTree = "<group>"; };
		3B9E38E02BA07C0600190840 /* AuthenticatedView.swift */ = {isa = PBXFileReference; lastKnownFileType = sourcecode.swift; path = AuthenticatedView.swift; sourceTree = "<group>"; };
		3B9E38E22BA07C0900190840 /* Assets.xcassets */ = {isa = PBXFileReference; lastKnownFileType = folder.assetcatalog; path = Assets.xcassets; sourceTree = "<group>"; };
		3B9E38E52BA07C0900190840 /* Preview Assets.xcassets */ = {isa = PBXFileReference; lastKnownFileType = folder.assetcatalog; path = "Preview Assets.xcassets"; sourceTree = "<group>"; };
		3B9E38EB2BA07C0900190840 /* MessengerTests.xctest */ = {isa = PBXFileReference; explicitFileType = wrapper.cfbundle; includeInIndex = 0; path = MessengerTests.xctest; sourceTree = BUILT_PRODUCTS_DIR; };
		3B9E38EF2BA07C0900190840 /* MessengerTests.swift */ = {isa = PBXFileReference; lastKnownFileType = sourcecode.swift; path = MessengerTests.swift; sourceTree = "<group>"; };
		3B9E38F52BA07C0900190840 /* MessengerUITests.xctest */ = {isa = PBXFileReference; explicitFileType = wrapper.cfbundle; includeInIndex = 0; path = MessengerUITests.xctest; sourceTree = BUILT_PRODUCTS_DIR; };
		3B9E38F92BA07C0900190840 /* MessengerUITests.swift */ = {isa = PBXFileReference; lastKnownFileType = sourcecode.swift; path = MessengerUITests.swift; sourceTree = "<group>"; };
		3B9E38FB2BA07C0900190840 /* MessengerUITestsLaunchTests.swift */ = {isa = PBXFileReference; lastKnownFileType = sourcecode.swift; path = MessengerUITestsLaunchTests.swift; sourceTree = "<group>"; };
		3B9E39092BA07F5700190840 /* Colors.xcassets */ = {isa = PBXFileReference; lastKnownFileType = folder.assetcatalog; path = Colors.xcassets; sourceTree = "<group>"; };
		3B9E39102BA0836A00190840 /* LaunchScreen.storyboard */ = {isa = PBXFileReference; lastKnownFileType = file.storyboard; path = LaunchScreen.storyboard; sourceTree = "<group>"; };
		3BCF34AB2BA0B3CC007FB1BF /* AppDelegate.swift */ = {isa = PBXFileReference; lastKnownFileType = sourcecode.swift; path = AppDelegate.swift; sourceTree = "<group>"; };
		3BCF34AD2BA0B572007FB1BF /* GoogleService-Info.plist */ = {isa = PBXFileReference; fileEncoding = 4; lastKnownFileType = text.plist.xml; path = "GoogleService-Info.plist"; sourceTree = "<group>"; };
		3BCF34AF2BA0B722007FB1BF /* AuthenticationService.swift */ = {isa = PBXFileReference; lastKnownFileType = sourcecode.swift; path = AuthenticationService.swift; sourceTree = "<group>"; };
		3BCF34B32BA0BBC6007FB1BF /* LoginIntroView.swift */ = {isa = PBXFileReference; lastKnownFileType = sourcecode.swift; path = LoginIntroView.swift; sourceTree = "<group>"; };
		3BCF34B52BA0BBD6007FB1BF /* MainTabView.swift */ = {isa = PBXFileReference; lastKnownFileType = sourcecode.swift; path = MainTabView.swift; sourceTree = "<group>"; };
		3BED14262BA0A447007632F4 /* AuthenticatedViewModel.swift */ = {isa = PBXFileReference; lastKnownFileType = sourcecode.swift; path = AuthenticatedViewModel.swift; sourceTree = "<group>"; };
/* End PBXFileReference section */

/* Begin PBXFrameworksBuildPhase section */
		3B9E38D82BA07C0500190840 /* Frameworks */ = {
			isa = PBXFrameworksBuildPhase;
			buildActionMask = 2147483647;
			files = (
				3BCF34AA2BA0B28D007FB1BF /* FirebaseAuth in Frameworks */,
			);
			runOnlyForDeploymentPostprocessing = 0;
		};
		3B9E38E82BA07C0900190840 /* Frameworks */ = {
			isa = PBXFrameworksBuildPhase;
			buildActionMask = 2147483647;
			files = (
			);
			runOnlyForDeploymentPostprocessing = 0;
		};
		3B9E38F22BA07C0900190840 /* Frameworks */ = {
			isa = PBXFrameworksBuildPhase;
			buildActionMask = 2147483647;
			files = (
			);
			runOnlyForDeploymentPostprocessing = 0;
		};
/* End PBXFrameworksBuildPhase section */

/* Begin PBXGroup section */
		3B33E5E32BA0A0D000CE438F /* General */ = {
			isa = PBXGroup;
			children = (
				3B33E5E62BA0A12700CE438F /* DIContainer.swift */,
			);
			path = General;
			sourceTree = "<group>";
		};
		3B33E5E82BA0A1A000CE438F /* Service */ = {
			isa = PBXGroup;
			children = (
				3B33E5E92BA0A1BE00CE438F /* Services.swift */,
				3BCF34AF2BA0B722007FB1BF /* AuthenticationService.swift */,
			);
			path = Service;
			sourceTree = "<group>";
		};
		3B33E5EB2BA0A2EA00CE438F /* View */ = {
			isa = PBXGroup;
			children = (
				3BCF34B22BA0BB4D007FB1BF /* MainTab */,
				3BCF34B12BA0BB45007FB1BF /* Login */,
				3BED14252BA0A411007632F4 /* Authenticated */,
			);
			path = View;
			sourceTree = "<group>";
		};
		3B9E38D22BA07C0500190840 = {
			isa = PBXGroup;
			children = (
				3B9E38DD2BA07C0600190840 /* Messenger */,
				3B9E38EE2BA07C0900190840 /* MessengerTests */,
				3B9E38F82BA07C0900190840 /* MessengerUITests */,
				3B9E38DC2BA07C0600190840 /* Products */,
			);
			sourceTree = "<group>";
		};
		3B9E38DC2BA07C0600190840 /* Products */ = {
			isa = PBXGroup;
			children = (
				3B9E38DB2BA07C0600190840 /* Messenger.app */,
				3B9E38EB2BA07C0900190840 /* MessengerTests.xctest */,
				3B9E38F52BA07C0900190840 /* MessengerUITests.xctest */,
			);
			name = Products;
			sourceTree = "<group>";
		};
		3B9E38DD2BA07C0600190840 /* Messenger */ = {
			isa = PBXGroup;
			children = (
				3B33E5E22BA09F8C00CE438F /* Info.plist */,
				3B9E38DE2BA07C0600190840 /* MessengerApp.swift */,
				3BCF34AD2BA0B572007FB1BF /* GoogleService-Info.plist */,
				3BCF34AB2BA0B3CC007FB1BF /* AppDelegate.swift */,
				3B33E5EB2BA0A2EA00CE438F /* View */,
				3B33E5E82BA0A1A000CE438F /* Service */,
				3B33E5E32BA0A0D000CE438F /* General */,
				3B9E390B2BA080ED00190840 /* Extension */,
				3B9E39082BA07F1900190840 /* Resource */,
				3B9E38E42BA07C0900190840 /* Preview Content */,
			);
			path = Messenger;
			sourceTree = "<group>";
		};
		3B9E38E42BA07C0900190840 /* Preview Content */ = {
			isa = PBXGroup;
			children = (
				3B9E38E52BA07C0900190840 /* Preview Assets.xcassets */,
			);
			path = "Preview Content";
			sourceTree = "<group>";
		};
		3B9E38EE2BA07C0900190840 /* MessengerTests */ = {
			isa = PBXGroup;
			children = (
				3B9E38EF2BA07C0900190840 /* MessengerTests.swift */,
			);
			path = MessengerTests;
			sourceTree = "<group>";
		};
		3B9E38F82BA07C0900190840 /* MessengerUITests */ = {
			isa = PBXGroup;
			children = (
				3B9E38F92BA07C0900190840 /* MessengerUITests.swift */,
				3B9E38FB2BA07C0900190840 /* MessengerUITestsLaunchTests.swift */,
			);
			path = MessengerUITests;
			sourceTree = "<group>";
		};
		3B9E39082BA07F1900190840 /* Resource */ = {
			isa = PBXGroup;
			children = (
				3B9E38E22BA07C0900190840 /* Assets.xcassets */,
				3B9E39092BA07F5700190840 /* Colors.xcassets */,
				3B9E39102BA0836A00190840 /* LaunchScreen.storyboard */,
			);
			path = Resource;
			sourceTree = "<group>";
		};
		3B9E390B2BA080ED00190840 /* Extension */ = {
			isa = PBXGroup;
			children = (
			);
			path = Extension;
			sourceTree = "<group>";
		};
		3BCF34B12BA0BB45007FB1BF /* Login */ = {
			isa = PBXGroup;
			children = (
				3BCF34B32BA0BBC6007FB1BF /* LoginIntroView.swift */,
			);
			path = Login;
			sourceTree = "<group>";
		};
		3BCF34B22BA0BB4D007FB1BF /* MainTab */ = {
			isa = PBXGroup;
			children = (
				3BCF34B52BA0BBD6007FB1BF /* MainTabView.swift */,
			);
			path = MainTab;
			sourceTree = "<group>";
		};
		3BED14252BA0A411007632F4 /* Authenticated */ = {
			isa = PBXGroup;
			children = (
				3B9E38E02BA07C0600190840 /* AuthenticatedView.swift */,
				3BED14262BA0A447007632F4 /* AuthenticatedViewModel.swift */,
			);
			path = Authenticated;
			sourceTree = "<group>";
		};
/* End PBXGroup section */

/* Begin PBXNativeTarget section */
		3B9E38DA2BA07C0500190840 /* Messenger */ = {
			isa = PBXNativeTarget;
			buildConfigurationList = 3B9E38FF2BA07C0900190840 /* Build configuration list for PBXNativeTarget "Messenger" */;
			buildPhases = (
				3B9E38D72BA07C0500190840 /* Sources */,
				3B9E38D82BA07C0500190840 /* Frameworks */,
				3B9E38D92BA07C0500190840 /* Resources */,
			);
			buildRules = (
			);
			dependencies = (
			);
			name = Messenger;
			packageProductDependencies = (
				3BCF34A92BA0B28D007FB1BF /* FirebaseAuth */,
			);
			productName = Messenger;
			productReference = 3B9E38DB2BA07C0600190840 /* Messenger.app */;
			productType = "com.apple.product-type.application";
		};
		3B9E38EA2BA07C0900190840 /* MessengerTests */ = {
			isa = PBXNativeTarget;
			buildConfigurationList = 3B9E39022BA07C0900190840 /* Build configuration list for PBXNativeTarget "MessengerTests" */;
			buildPhases = (
				3B9E38E72BA07C0900190840 /* Sources */,
				3B9E38E82BA07C0900190840 /* Frameworks */,
				3B9E38E92BA07C0900190840 /* Resources */,
			);
			buildRules = (
			);
			dependencies = (
				3B9E38ED2BA07C0900190840 /* PBXTargetDependency */,
			);
			name = MessengerTests;
			productName = MessengerTests;
			productReference = 3B9E38EB2BA07C0900190840 /* MessengerTests.xctest */;
			productType = "com.apple.product-type.bundle.unit-test";
		};
		3B9E38F42BA07C0900190840 /* MessengerUITests */ = {
			isa = PBXNativeTarget;
			buildConfigurationList = 3B9E39052BA07C0900190840 /* Build configuration list for PBXNativeTarget "MessengerUITests" */;
			buildPhases = (
				3B9E38F12BA07C0900190840 /* Sources */,
				3B9E38F22BA07C0900190840 /* Frameworks */,
				3B9E38F32BA07C0900190840 /* Resources */,
			);
			buildRules = (
			);
			dependencies = (
				3B9E38F72BA07C0900190840 /* PBXTargetDependency */,
			);
			name = MessengerUITests;
			productName = MessengerUITests;
			productReference = 3B9E38F52BA07C0900190840 /* MessengerUITests.xctest */;
			productType = "com.apple.product-type.bundle.ui-testing";
		};
/* End PBXNativeTarget section */

/* Begin PBXProject section */
		3B9E38D32BA07C0500190840 /* Project object */ = {
			isa = PBXProject;
			attributes = {
				BuildIndependentTargetsInParallel = 1;
				LastSwiftUpdateCheck = 1530;
				LastUpgradeCheck = 1530;
				TargetAttributes = {
					3B9E38DA2BA07C0500190840 = {
						CreatedOnToolsVersion = 15.3;
					};
					3B9E38EA2BA07C0900190840 = {
						CreatedOnToolsVersion = 15.3;
						TestTargetID = 3B9E38DA2BA07C0500190840;
					};
					3B9E38F42BA07C0900190840 = {
						CreatedOnToolsVersion = 15.3;
						TestTargetID = 3B9E38DA2BA07C0500190840;
					};
				};
			};
			buildConfigurationList = 3B9E38D62BA07C0500190840 /* Build configuration list for PBXProject "Messenger" */;
			compatibilityVersion = "Xcode 14.0";
			developmentRegion = en;
			hasScannedForEncodings = 0;
			knownRegions = (
				en,
				Base,
			);
			mainGroup = 3B9E38D22BA07C0500190840;
			packageReferences = (
				3BCF34A82BA0B28C007FB1BF /* XCRemoteSwiftPackageReference "firebase-ios-sdk" */,
			);
			productRefGroup = 3B9E38DC2BA07C0600190840 /* Products */;
			projectDirPath = "";
			projectRoot = "";
			targets = (
				3B9E38DA2BA07C0500190840 /* Messenger */,
				3B9E38EA2BA07C0900190840 /* MessengerTests */,
				3B9E38F42BA07C0900190840 /* MessengerUITests */,
			);
		};
/* End PBXProject section */

/* Begin PBXResourcesBuildPhase section */
		3B9E38D92BA07C0500190840 /* Resources */ = {
			isa = PBXResourcesBuildPhase;
			buildActionMask = 2147483647;
			files = (
				3B9E390A2BA07F5700190840 /* Colors.xcassets in Resources */,
				3B9E39112BA0836A00190840 /* LaunchScreen.storyboard in Resources */,
				3BCF34AE2BA0B572007FB1BF /* GoogleService-Info.plist in Resources */,
				3B9E38E62BA07C0900190840 /* Preview Assets.xcassets in Resources */,
				3B9E38E32BA07C0900190840 /* Assets.xcassets in Resources */,
			);
			runOnlyForDeploymentPostprocessing = 0;
		};
		3B9E38E92BA07C0900190840 /* Resources */ = {
			isa = PBXResourcesBuildPhase;
			buildActionMask = 2147483647;
			files = (
			);
			runOnlyForDeploymentPostprocessing = 0;
		};
		3B9E38F32BA07C0900190840 /* Resources */ = {
			isa = PBXResourcesBuildPhase;
			buildActionMask = 2147483647;
			files = (
			);
			runOnlyForDeploymentPostprocessing = 0;
		};
/* End PBXResourcesBuildPhase section */

/* Begin PBXSourcesBuildPhase section */
		3B9E38D72BA07C0500190840 /* Sources */ = {
			isa = PBXSourcesBuildPhase;
			buildActionMask = 2147483647;
			files = (
				3BCF34AC2BA0B3CC007FB1BF /* AppDelegate.swift in Sources */,
				3BED14272BA0A447007632F4 /* AuthenticatedViewModel.swift in Sources */,
				3BCF34B62BA0BBD6007FB1BF /* MainTabView.swift in Sources */,
				3B9E38E12BA07C0600190840 /* AuthenticatedView.swift in Sources */,
				3B33E5EA2BA0A1BE00CE438F /* Services.swift in Sources */,
				3B33E5E72BA0A12700CE438F /* DIContainer.swift in Sources */,
				3B9E38DF2BA07C0600190840 /* MessengerApp.swift in Sources */,
				3BCF34B02BA0B722007FB1BF /* AuthenticationService.swift in Sources */,
				3BCF34B42BA0BBC6007FB1BF /* LoginIntroView.swift in Sources */,
			);
			runOnlyForDeploymentPostprocessing = 0;
		};
		3B9E38E72BA07C0900190840 /* Sources */ = {
			isa = PBXSourcesBuildPhase;
			buildActionMask = 2147483647;
			files = (
				3B9E38F02BA07C0900190840 /* MessengerTests.swift in Sources */,
			);
			runOnlyForDeploymentPostprocessing = 0;
		};
		3B9E38F12BA07C0900190840 /* Sources */ = {
			isa = PBXSourcesBuildPhase;
			buildActionMask = 2147483647;
			files = (
				3B9E38FC2BA07C0900190840 /* MessengerUITestsLaunchTests.swift in Sources */,
				3B9E38FA2BA07C0900190840 /* MessengerUITests.swift in Sources */,
			);
			runOnlyForDeploymentPostprocessing = 0;
		};
/* End PBXSourcesBuildPhase section */

/* Begin PBXTargetDependency section */
		3B9E38ED2BA07C0900190840 /* PBXTargetDependency */ = {
			isa = PBXTargetDependency;
			target = 3B9E38DA2BA07C0500190840 /* Messenger */;
			targetProxy = 3B9E38EC2BA07C0900190840 /* PBXContainerItemProxy */;
		};
		3B9E38F72BA07C0900190840 /* PBXTargetDependency */ = {
			isa = PBXTargetDependency;
			target = 3B9E38DA2BA07C0500190840 /* Messenger */;
			targetProxy = 3B9E38F62BA07C0900190840 /* PBXContainerItemProxy */;
		};
/* End PBXTargetDependency section */

/* Begin XCBuildConfiguration section */
		3B9E38FD2BA07C0900190840 /* Debug */ = {
			isa = XCBuildConfiguration;
			buildSettings = {
				ALWAYS_SEARCH_USER_PATHS = NO;
				ASSETCATALOG_COMPILER_GENERATE_SWIFT_ASSET_SYMBOL_EXTENSIONS = YES;
				CLANG_ANALYZER_NONNULL = YES;
				CLANG_ANALYZER_NUMBER_OBJECT_CONVERSION = YES_AGGRESSIVE;
				CLANG_CXX_LANGUAGE_STANDARD = "gnu++20";
				CLANG_ENABLE_MODULES = YES;
				CLANG_ENABLE_OBJC_ARC = YES;
				CLANG_ENABLE_OBJC_WEAK = YES;
				CLANG_WARN_BLOCK_CAPTURE_AUTORELEASING = YES;
				CLANG_WARN_BOOL_CONVERSION = YES;
				CLANG_WARN_COMMA = YES;
				CLANG_WARN_CONSTANT_CONVERSION = YES;
				CLANG_WARN_DEPRECATED_OBJC_IMPLEMENTATIONS = YES;
				CLANG_WARN_DIRECT_OBJC_ISA_USAGE = YES_ERROR;
				CLANG_WARN_DOCUMENTATION_COMMENTS = YES;
				CLANG_WARN_EMPTY_BODY = YES;
				CLANG_WARN_ENUM_CONVERSION = YES;
				CLANG_WARN_INFINITE_RECURSION = YES;
				CLANG_WARN_INT_CONVERSION = YES;
				CLANG_WARN_NON_LITERAL_NULL_CONVERSION = YES;
				CLANG_WARN_OBJC_IMPLICIT_RETAIN_SELF = YES;
				CLANG_WARN_OBJC_LITERAL_CONVERSION = YES;
				CLANG_WARN_OBJC_ROOT_CLASS = YES_ERROR;
				CLANG_WARN_QUOTED_INCLUDE_IN_FRAMEWORK_HEADER = YES;
				CLANG_WARN_RANGE_LOOP_ANALYSIS = YES;
				CLANG_WARN_STRICT_PROTOTYPES = YES;
				CLANG_WARN_SUSPICIOUS_MOVE = YES;
				CLANG_WARN_UNGUARDED_AVAILABILITY = YES_AGGRESSIVE;
				CLANG_WARN_UNREACHABLE_CODE = YES;
				CLANG_WARN__DUPLICATE_METHOD_MATCH = YES;
				COPY_PHASE_STRIP = NO;
				DEBUG_INFORMATION_FORMAT = dwarf;
				ENABLE_STRICT_OBJC_MSGSEND = YES;
				ENABLE_TESTABILITY = YES;
				ENABLE_USER_SCRIPT_SANDBOXING = YES;
				GCC_C_LANGUAGE_STANDARD = gnu17;
				GCC_DYNAMIC_NO_PIC = NO;
				GCC_NO_COMMON_BLOCKS = YES;
				GCC_OPTIMIZATION_LEVEL = 0;
				GCC_PREPROCESSOR_DEFINITIONS = (
					"DEBUG=1",
					"$(inherited)",
				);
				GCC_WARN_64_TO_32_BIT_CONVERSION = YES;
				GCC_WARN_ABOUT_RETURN_TYPE = YES_ERROR;
				GCC_WARN_UNDECLARED_SELECTOR = YES;
				GCC_WARN_UNINITIALIZED_AUTOS = YES_AGGRESSIVE;
				GCC_WARN_UNUSED_FUNCTION = YES;
				GCC_WARN_UNUSED_VARIABLE = YES;
				IPHONEOS_DEPLOYMENT_TARGET = 17.4;
				LOCALIZATION_PREFERS_STRING_CATALOGS = YES;
				MTL_ENABLE_DEBUG_INFO = INCLUDE_SOURCE;
				MTL_FAST_MATH = YES;
				ONLY_ACTIVE_ARCH = YES;
				SDKROOT = iphoneos;
				SWIFT_ACTIVE_COMPILATION_CONDITIONS = "DEBUG $(inherited)";
				SWIFT_OPTIMIZATION_LEVEL = "-Onone";
			};
			name = Debug;
		};
		3B9E38FE2BA07C0900190840 /* Release */ = {
			isa = XCBuildConfiguration;
			buildSettings = {
				ALWAYS_SEARCH_USER_PATHS = NO;
				ASSETCATALOG_COMPILER_GENERATE_SWIFT_ASSET_SYMBOL_EXTENSIONS = YES;
				CLANG_ANALYZER_NONNULL = YES;
				CLANG_ANALYZER_NUMBER_OBJECT_CONVERSION = YES_AGGRESSIVE;
				CLANG_CXX_LANGUAGE_STANDARD = "gnu++20";
				CLANG_ENABLE_MODULES = YES;
				CLANG_ENABLE_OBJC_ARC = YES;
				CLANG_ENABLE_OBJC_WEAK = YES;
				CLANG_WARN_BLOCK_CAPTURE_AUTORELEASING = YES;
				CLANG_WARN_BOOL_CONVERSION = YES;
				CLANG_WARN_COMMA = YES;
				CLANG_WARN_CONSTANT_CONVERSION = YES;
				CLANG_WARN_DEPRECATED_OBJC_IMPLEMENTATIONS = YES;
				CLANG_WARN_DIRECT_OBJC_ISA_USAGE = YES_ERROR;
				CLANG_WARN_DOCUMENTATION_COMMENTS = YES;
				CLANG_WARN_EMPTY_BODY = YES;
				CLANG_WARN_ENUM_CONVERSION = YES;
				CLANG_WARN_INFINITE_RECURSION = YES;
				CLANG_WARN_INT_CONVERSION = YES;
				CLANG_WARN_NON_LITERAL_NULL_CONVERSION = YES;
				CLANG_WARN_OBJC_IMPLICIT_RETAIN_SELF = YES;
				CLANG_WARN_OBJC_LITERAL_CONVERSION = YES;
				CLANG_WARN_OBJC_ROOT_CLASS = YES_ERROR;
				CLANG_WARN_QUOTED_INCLUDE_IN_FRAMEWORK_HEADER = YES;
				CLANG_WARN_RANGE_LOOP_ANALYSIS = YES;
				CLANG_WARN_STRICT_PROTOTYPES = YES;
				CLANG_WARN_SUSPICIOUS_MOVE = YES;
				CLANG_WARN_UNGUARDED_AVAILABILITY = YES_AGGRESSIVE;
				CLANG_WARN_UNREACHABLE_CODE = YES;
				CLANG_WARN__DUPLICATE_METHOD_MATCH = YES;
				COPY_PHASE_STRIP = NO;
				DEBUG_INFORMATION_FORMAT = "dwarf-with-dsym";
				ENABLE_NS_ASSERTIONS = NO;
				ENABLE_STRICT_OBJC_MSGSEND = YES;
				ENABLE_USER_SCRIPT_SANDBOXING = YES;
				GCC_C_LANGUAGE_STANDARD = gnu17;
				GCC_NO_COMMON_BLOCKS = YES;
				GCC_WARN_64_TO_32_BIT_CONVERSION = YES;
				GCC_WARN_ABOUT_RETURN_TYPE = YES_ERROR;
				GCC_WARN_UNDECLARED_SELECTOR = YES;
				GCC_WARN_UNINITIALIZED_AUTOS = YES_AGGRESSIVE;
				GCC_WARN_UNUSED_FUNCTION = YES;
				GCC_WARN_UNUSED_VARIABLE = YES;
				IPHONEOS_DEPLOYMENT_TARGET = 17.4;
				LOCALIZATION_PREFERS_STRING_CATALOGS = YES;
				MTL_ENABLE_DEBUG_INFO = NO;
				MTL_FAST_MATH = YES;
				SDKROOT = iphoneos;
				SWIFT_COMPILATION_MODE = wholemodule;
				VALIDATE_PRODUCT = YES;
			};
			name = Release;
		};
		3B9E39002BA07C0900190840 /* Debug */ = {
			isa = XCBuildConfiguration;
			buildSettings = {
				ASSETCATALOG_COMPILER_APPICON_NAME = AppIcon;
				ASSETCATALOG_COMPILER_GLOBAL_ACCENT_COLOR_NAME = AccentColor;
				CODE_SIGN_STYLE = Automatic;
				CURRENT_PROJECT_VERSION = 1;
				DEVELOPMENT_ASSET_PATHS = "\"Messenger/Preview Content\"";
				DEVELOPMENT_TEAM = DGQ8WLKT8J;
				ENABLE_PREVIEWS = YES;
				GENERATE_INFOPLIST_FILE = YES;
				INFOPLIST_FILE = Messenger/Info.plist;
				INFOPLIST_KEY_UIApplicationSceneManifest_Generation = YES;
				INFOPLIST_KEY_UIApplicationSupportsIndirectInputEvents = YES;
				INFOPLIST_KEY_UILaunchStoryboardName = LaunchScreen;
				INFOPLIST_KEY_UISupportedInterfaceOrientations = UIInterfaceOrientationPortrait;
				IPHONEOS_DEPLOYMENT_TARGET = 16.0;
				LD_RUNPATH_SEARCH_PATHS = (
					"$(inherited)",
					"@executable_path/Frameworks",
				);
				MARKETING_VERSION = 1.0;
				PRODUCT_BUNDLE_IDENTIFIER = Swift.Messenger;
				PRODUCT_NAME = "$(TARGET_NAME)";
				SWIFT_EMIT_LOC_STRINGS = YES;
				SWIFT_VERSION = 5.0;
				TARGETED_DEVICE_FAMILY = "1,2";
			};
			name = Debug;
		};
		3B9E39012BA07C0900190840 /* Release */ = {
			isa = XCBuildConfiguration;
			buildSettings = {
				ASSETCATALOG_COMPILER_APPICON_NAME = AppIcon;
				ASSETCATALOG_COMPILER_GLOBAL_ACCENT_COLOR_NAME = AccentColor;
				CODE_SIGN_STYLE = Automatic;
				CURRENT_PROJECT_VERSION = 1;
				DEVELOPMENT_ASSET_PATHS = "\"Messenger/Preview Content\"";
				DEVELOPMENT_TEAM = DGQ8WLKT8J;
				ENABLE_PREVIEWS = YES;
				GENERATE_INFOPLIST_FILE = YES;
				INFOPLIST_FILE = Messenger/Info.plist;
				INFOPLIST_KEY_UIApplicationSceneManifest_Generation = YES;
				INFOPLIST_KEY_UIApplicationSupportsIndirectInputEvents = YES;
				INFOPLIST_KEY_UILaunchStoryboardName = LaunchScreen;
				INFOPLIST_KEY_UISupportedInterfaceOrientations = UIInterfaceOrientationPortrait;
				IPHONEOS_DEPLOYMENT_TARGET = 16.0;
				LD_RUNPATH_SEARCH_PATHS = (
					"$(inherited)",
					"@executable_path/Frameworks",
				);
				MARKETING_VERSION = 1.0;
				PRODUCT_BUNDLE_IDENTIFIER = Swift.Messenger;
				PRODUCT_NAME = "$(TARGET_NAME)";
				SWIFT_EMIT_LOC_STRINGS = YES;
				SWIFT_VERSION = 5.0;
				TARGETED_DEVICE_FAMILY = "1,2";
			};
			name = Release;
		};
		3B9E39032BA07C0900190840 /* Debug */ = {
			isa = XCBuildConfiguration;
			buildSettings = {
				ALWAYS_EMBED_SWIFT_STANDARD_LIBRARIES = YES;
				BUNDLE_LOADER = "$(TEST_HOST)";
				CODE_SIGN_STYLE = Automatic;
				CURRENT_PROJECT_VERSION = 1;
				DEVELOPMENT_TEAM = DGQ8WLKT8J;
				GENERATE_INFOPLIST_FILE = YES;
				IPHONEOS_DEPLOYMENT_TARGET = 17.4;
				MARKETING_VERSION = 1.0;
				PRODUCT_BUNDLE_IDENTIFIER = Swift.MessengerTests;
				PRODUCT_NAME = "$(TARGET_NAME)";
				SWIFT_EMIT_LOC_STRINGS = NO;
				SWIFT_VERSION = 5.0;
				TARGETED_DEVICE_FAMILY = "1,2";
				TEST_HOST = "$(BUILT_PRODUCTS_DIR)/Messenger.app/$(BUNDLE_EXECUTABLE_FOLDER_PATH)/Messenger";
			};
			name = Debug;
		};
		3B9E39042BA07C0900190840 /* Release */ = {
			isa = XCBuildConfiguration;
			buildSettings = {
				ALWAYS_EMBED_SWIFT_STANDARD_LIBRARIES = YES;
				BUNDLE_LOADER = "$(TEST_HOST)";
				CODE_SIGN_STYLE = Automatic;
				CURRENT_PROJECT_VERSION = 1;
				DEVELOPMENT_TEAM = DGQ8WLKT8J;
				GENERATE_INFOPLIST_FILE = YES;
				IPHONEOS_DEPLOYMENT_TARGET = 17.4;
				MARKETING_VERSION = 1.0;
				PRODUCT_BUNDLE_IDENTIFIER = Swift.MessengerTests;
				PRODUCT_NAME = "$(TARGET_NAME)";
				SWIFT_EMIT_LOC_STRINGS = NO;
				SWIFT_VERSION = 5.0;
				TARGETED_DEVICE_FAMILY = "1,2";
				TEST_HOST = "$(BUILT_PRODUCTS_DIR)/Messenger.app/$(BUNDLE_EXECUTABLE_FOLDER_PATH)/Messenger";
			};
			name = Release;
		};
		3B9E39062BA07C0900190840 /* Debug */ = {
			isa = XCBuildConfiguration;
			buildSettings = {
				ALWAYS_EMBED_SWIFT_STANDARD_LIBRARIES = YES;
				CODE_SIGN_STYLE = Automatic;
				CURRENT_PROJECT_VERSION = 1;
				DEVELOPMENT_TEAM = DGQ8WLKT8J;
				GENERATE_INFOPLIST_FILE = YES;
				MARKETING_VERSION = 1.0;
				PRODUCT_BUNDLE_IDENTIFIER = Swift.MessengerUITests;
				PRODUCT_NAME = "$(TARGET_NAME)";
				SWIFT_EMIT_LOC_STRINGS = NO;
				SWIFT_VERSION = 5.0;
				TARGETED_DEVICE_FAMILY = "1,2";
				TEST_TARGET_NAME = Messenger;
			};
			name = Debug;
		};
		3B9E39072BA07C0900190840 /* Release */ = {
			isa = XCBuildConfiguration;
			buildSettings = {
				ALWAYS_EMBED_SWIFT_STANDARD_LIBRARIES = YES;
				CODE_SIGN_STYLE = Automatic;
				CURRENT_PROJECT_VERSION = 1;
				DEVELOPMENT_TEAM = DGQ8WLKT8J;
				GENERATE_INFOPLIST_FILE = YES;
				MARKETING_VERSION = 1.0;
				PRODUCT_BUNDLE_IDENTIFIER = Swift.MessengerUITests;
				PRODUCT_NAME = "$(TARGET_NAME)";
				SWIFT_EMIT_LOC_STRINGS = NO;
				SWIFT_VERSION = 5.0;
				TARGETED_DEVICE_FAMILY = "1,2";
				TEST_TARGET_NAME = Messenger;
			};
			name = Release;
		};
/* End XCBuildConfiguration section */

/* Begin XCConfigurationList section */
		3B9E38D62BA07C0500190840 /* Build configuration list for PBXProject "Messenger" */ = {
			isa = XCConfigurationList;
			buildConfigurations = (
				3B9E38FD2BA07C0900190840 /* Debug */,
				3B9E38FE2BA07C0900190840 /* Release */,
			);
			defaultConfigurationIsVisible = 0;
			defaultConfigurationName = Release;
		};
		3B9E38FF2BA07C0900190840 /* Build configuration list for PBXNativeTarget "Messenger" */ = {
			isa = XCConfigurationList;
			buildConfigurations = (
				3B9E39002BA07C0900190840 /* Debug */,
				3B9E39012BA07C0900190840 /* Release */,
			);
			defaultConfigurationIsVisible = 0;
			defaultConfigurationName = Release;
		};
		3B9E39022BA07C0900190840 /* Build configuration list for PBXNativeTarget "MessengerTests" */ = {
			isa = XCConfigurationList;
			buildConfigurations = (
				3B9E39032BA07C0900190840 /* Debug */,
				3B9E39042BA07C0900190840 /* Release */,
			);
			defaultConfigurationIsVisible = 0;
			defaultConfigurationName = Release;
		};
		3B9E39052BA07C0900190840 /* Build configuration list for PBXNativeTarget "MessengerUITests" */ = {
			isa = XCConfigurationList;
			buildConfigurations = (
				3B9E39062BA07C0900190840 /* Debug */,
				3B9E39072BA07C0900190840 /* Release */,
			);
			defaultConfigurationIsVisible = 0;
			defaultConfigurationName = Release;
		};
/* End XCConfigurationList section */

/* Begin XCRemoteSwiftPackageReference section */
		3BCF34A82BA0B28C007FB1BF /* XCRemoteSwiftPackageReference "firebase-ios-sdk" */ = {
			isa = XCRemoteSwiftPackageReference;
			repositoryURL = "https://github.com/firebase/firebase-ios-sdk";
			requirement = {
				kind = upToNextMajorVersion;
				minimumVersion = 10.22.1;
			};
		};
/* End XCRemoteSwiftPackageReference section */

/* Begin XCSwiftPackageProductDependency section */
		3BCF34A92BA0B28D007FB1BF /* FirebaseAuth */ = {
			isa = XCSwiftPackageProductDependency;
			package = 3BCF34A82BA0B28C007FB1BF /* XCRemoteSwiftPackageReference "firebase-ios-sdk" */;
			productName = FirebaseAuth;
		};
/* End XCSwiftPackageProductDependency section */
	};
	rootObject = 3B9E38D32BA07C0500190840 /* Project object */;
}
